{
  "name": "@netlify/node-template",
  "version": "0.1.0",
  "lockfileVersion": 2,
  "requires": true,
  "packages": {
    "": {
      "name": "@netlify/node-template",
      "version": "0.1.0",
      "license": "MIT",
      "engines": {
        "node": "^12.20.0 || ^14.14.0 || >=16.0.0"
      }
    }
  }
}
